
Microsoft Visual Studio Solution File, Format Version 12.00
# Visual Studio Version 16
VisualStudioVersion = 16.0.31424.327
MinimumVisualStudioVersion = 10.0.40219.1
Project("{FAE04EC0-301F-11D3-BF4B-00C04F79EFBC}") = "SchedulingSoftware", "SchedulingSoftware\SchedulingSoftware.csproj", "{99F1A729-62A6-4585-B4CD-9268124F7B72}"
EndProject
Project("{FAE04EC0-301F-11D3-BF4B-00C04F79EFBC}") = "LoginTest", "LoginTest\LoginTest.csproj", "{996202B1-BD6A-43D0-A637-52A4734D79D2}"
EndProject
Global
	GlobalSection(SolutionConfigurationPlatforms) = preSolution
		Debug|Any CPU = Debug|Any CPU
		Release|Any CPU = Release|Any CPU
	EndGlobalSection
	GlobalSection(ProjectConfigurationPlatforms) = postSolution
		{99F1A729-62A6-4585-B4CD-9268124F7B72}.Debug|Any CPU.ActiveCfg = Debug|Any CPU
		{99F1A729-62A6-4585-B4CD-9268124F7B72}.Debug|Any CPU.Build.0 = Debug|Any CPU
		{99F1A729-62A6-4585-B4CD-9268124F7B72}.Release|Any CPU.ActiveCfg = Release|Any CPU
		{99F1A729-62A6-4585-B4CD-9268124F7B72}.Release|Any CPU.Build.0 = Release|Any CPU
		{996202B1-BD6A-43D0-A637-52A4734D79D2}.Debug|Any CPU.ActiveCfg = Debug|Any CPU
		{996202B1-BD6A-43D0-A637-52A4734D79D2}.Debug|Any CPU.Build.0 = Debug|Any CPU
		{996202B1-BD6A-43D0-A637-52A4734D79D2}.Release|Any CPU.ActiveCfg = Release|Any CPU
		{996202B1-BD6A-43D0-A637-52A4734D79D2}.Release|Any CPU.Build.0 = Release|Any CPU
	EndGlobalSection
	GlobalSection(SolutionProperties) = preSolution
		HideSolutionNode = FALSE
	EndGlobalSection
	GlobalSection(ExtensibilityGlobals) = postSolution
		SolutionGuid = {2E2ACFF4-85F7-4ECB-B0A4-A28A5142DB7F}
	EndGlobalSection
EndGlobal
